
Microsoft Visual Studio Solution File, Format Version 12.00
Project("{FAE04EC0-301F-11D3-BF4B-00C04F79EFBC}") = "PandaKaradyUniversity", "PandaKaradyUniversity.csproj", "{D88AF5FA-3F36-41AF-9D95-7DA845A0C4C9}"
EndProject
Project("{FAE04EC0-301F-11D3-BF4B-00C04F79EFBC}") = "PandaKaradyUniversity.Models", "PandaKaradyUniversity.Models\PandaKaradyUniversity.Models.csproj", "{DEDEFDF1-C452-4305-97A1-75C8DEFBB5D9}"
EndProject
Global
	GlobalSection(SolutionConfigurationPlatforms) = preSolution
		Debug|Any CPU = Debug|Any CPU
		Release|Any CPU = Release|Any CPU
	EndGlobalSection
	GlobalSection(ProjectConfigurationPlatforms) = postSolution
		{D88AF5FA-3F36-41AF-9D95-7DA845A0C4C9}.Debug|Any CPU.ActiveCfg = Debug|Any CPU
		{D88AF5FA-3F36-41AF-9D95-7DA845A0C4C9}.Debug|Any CPU.Build.0 = Debug|Any CPU
		{D88AF5FA-3F36-41AF-9D95-7DA845A0C4C9}.Release|Any CPU.ActiveCfg = Release|Any CPU
		{D88AF5FA-3F36-41AF-9D95-7DA845A0C4C9}.Release|Any CPU.Build.0 = Release|Any CPU
		{DEDEFDF1-C452-4305-97A1-75C8DEFBB5D9}.Debug|Any CPU.ActiveCfg = Debug|Any CPU
		{DEDEFDF1-C452-4305-97A1-75C8DEFBB5D9}.Debug|Any CPU.Build.0 = Debug|Any CPU
		{DEDEFDF1-C452-4305-97A1-75C8DEFBB5D9}.Release|Any CPU.ActiveCfg = Release|Any CPU
		{DEDEFDF1-C452-4305-97A1-75C8DEFBB5D9}.Release|Any CPU.Build.0 = Release|Any CPU
	EndGlobalSection
EndGlobal
